
Microsoft Visual Studio Solution File, Format Version 12.00
# Visual Studio 15
VisualStudioVersion = 15.0.27703.2042
MinimumVisualStudioVersion = 10.0.40219.1
Project("{FAE04EC0-301F-11D3-BF4B-00C04F79EFBC}") = "MusicGroup", "MusicGroup\MusicGroup.csproj", "{D3A18AC0-F13B-402E-8856-81FC3AE165C2}"
EndProject
Global
	GlobalSection(SolutionConfigurationPlatforms) = preSolution
		Debug|Any CPU = Debug|Any CPU
		Release|Any CPU = Release|Any CPU
	EndGlobalSection
	GlobalSection(ProjectConfigurationPlatforms) = postSolution
		{D3A18AC0-F13B-402E-8856-81FC3AE165C2}.Debug|Any CPU.ActiveCfg = Debug|Any CPU
		{D3A18AC0-F13B-402E-8856-81FC3AE165C2}.Debug|Any CPU.Build.0 = Debug|Any CPU
		{D3A18AC0-F13B-402E-8856-81FC3AE165C2}.Release|Any CPU.ActiveCfg = Release|Any CPU
		{D3A18AC0-F13B-402E-8856-81FC3AE165C2}.Release|Any CPU.Build.0 = Release|Any CPU
	EndGlobalSection
	GlobalSection(SolutionProperties) = preSolution
		HideSolutionNode = FALSE
	EndGlobalSection
	GlobalSection(ExtensibilityGlobals) = postSolution
		SolutionGuid = {5C814290-F78E-4BBB-9E96-E46FCA773298}
	EndGlobalSection
EndGlobal
